filippo.io/age v1.0.0 h1:V6q14n0mqYU3qKFkZ6oOaF9oXneOviS3ubXsSVBRSzc=
filippo.io/age v1.0.0/go.mod h1:PaX+Si/Sd5G8LgfCwldsSba3H1DDQZhIhFGkhbHaBq8=
github.com/yargevad/filepathx v1.0.0 h1:SYcT+N3tYGi+NvazubCNlvgIPbzAk7i7y2dwg3I5FYc=
github.com/yargevad/filepathx v1.0.0/go.mod h1:BprfX/gpYNJHJfc35GjRRpVcwWXS89gGulUIU5tK3tA=
golang.org/x/crypto v0.1.0 h1:MDRAIl0xIo9Io2xV565hzXHw3zVseKrJKodhohM5CjU=
golang.org/x/crypto v0.1.0/go.mod h1:RecgLatLF4+eUMCP1PoPZQb+cVrJcOPbHkTkbkB9sbw=
golang.org/x/sys v0.1.0 h1:kunALQeHf1/185U1i0GOB/fy1IPRDDpuoOOqRReG57U=
golang.org/x/sys v0.1.0/go.mod h1:oPkhp1MJrh7nUepCBck5+mAzfO9JrbApNNgaTdGDITg=
